// !$*UTF8*$!
{
	archiveVersion = 1;
	classes = {
	};
	objectVersion = 46;
	objects = {

/* Begin PBXBuildFile section */
		1D7C1943D87FC99F4F74F9A6 /* libPods-unit_tests-UnitTests.a in Frameworks */ = {isa = PBXBuildFile; fileRef = DB90D063C682159F6992555E /* libPods-unit_tests-UnitTests.a */; };
		1E2B8992313BFF60A71C0F79 /* libPods-Networking.a in Frameworks */ = {isa = PBXBuildFile; fileRef = EA58B7C75B593E322B6E2F0D /* libPods-Networking.a */; };
		3055E1329F0391B5474FE16A /* Main.storyboard in Resources */ = {isa = PBXBuildFile; fileRef = 58B2501AFF95A49C1017A803 /* Main.storyboard */; };
		5F0CBB4BE05A4A8AB3A189CA /* LaunchScreen.xib in Resources */ = {isa = PBXBuildFile; fileRef = C35A2346FBB8382A8C87B98F /* LaunchScreen.xib */; };
		6322616E6D1A09A532271921 /* Images.xcassets in Resources */ = {isa = PBXBuildFile; fileRef = BE48F67861083BA60518B386 /* Images.xcassets */; };
		6E868D826C1FF99F7E6D8318 /* Settings.bundle in Resources */ = {isa = PBXBuildFile; fileRef = 9FD843F7E505E223163BE4D5 /* Settings.bundle */; };
		BF529A4C0AE35CD6B8CD3610 /* AppDelegate.swift in Sources */ = {isa = PBXBuildFile; fileRef = EA37576E7F697448A3AB2AD1 /* AppDelegate.swift */; };
		C7B3F68D7ABEBDE2F95AA18F /* Foundation.framework in Frameworks */ = {isa = PBXBuildFile; fileRef = 44A947AC4EF4A776E2113A85 /* Foundation.framework */; };
/* End PBXBuildFile section */

/* Begin PBXContainerItemProxy section */
		BEC59DAD43B076C3951D12FC /* PBXContainerItemProxy */ = {
			isa = PBXContainerItemProxy;
			containerPortal = 8C914BD8ACBC05A20A70355A /* Project object */;
			proxyType = 1;
			remoteGlobalIDString = A75DDF6763A7630ED7942E21;
			remoteInfo = Networking;
		};
/* End PBXContainerItemProxy section */

/* Begin PBXFileReference section */
		44A947AC4EF4A776E2113A85 /* Foundation.framework */ = {isa = PBXFileReference; lastKnownFileType = wrapper.framework; name = Foundation.framework; path = Platforms/iPhoneOS.platform/Developer/SDKs/iPhoneOS9.3.sdk/System/Library/Frameworks/Foundation.framework; sourceTree = DEVELOPER_DIR; };
		58B2501AFF95A49C1017A803 /* Main.storyboard */ = {isa = PBXFileReference; includeInIndex = 1; lastKnownFileType = file.storyboard; path = Main.storyboard; sourceTree = "<group>"; };
		83FBE2602A99E9F047ACC873 /* Info.plist */ = {isa = PBXFileReference; includeInIndex = 1; lastKnownFileType = text.plist.xml; path = Info.plist; sourceTree = "<group>"; };
		9FD843F7E505E223163BE4D5 /* Settings.bundle */ = {isa = PBXFileReference; includeInIndex = 1; lastKnownFileType = "wrapper.plug-in"; path = Settings.bundle; sourceTree = "<group>"; };
		AA33684F8A795A6C09B06B8D /* UnitTests-Info.plist */ = {isa = PBXFileReference; includeInIndex = 1; lastKnownFileType = text.plist.xml; path = "UnitTests-Info.plist"; sourceTree = "<group>"; };
		ADA7273C24F1614C49EBF87F /* Networking.app */ = {isa = PBXFileReference; explicitFileType = wrapper.application; includeInIndex = 0; path = Networking.app; sourceTree = BUILT_PRODUCTS_DIR; };
		BE48F67861083BA60518B386 /* Images.xcassets */ = {isa = PBXFileReference; includeInIndex = 1; lastKnownFileType = folder.assetcatalog; path = Images.xcassets; sourceTree = "<group>"; };
		C165281CC476ED2B303ECF8A /* Pods-unit_tests-UnitTests.release.xcconfig */ = {isa = PBXFileReference; includeInIndex = 1; lastKnownFileType = text.xcconfig; name = "Pods-unit_tests-UnitTests.release.xcconfig"; path = "Pods/Target Support Files/Pods-unit_tests-UnitTests/Pods-unit_tests-UnitTests.release.xcconfig"; sourceTree = "<group>"; };
		C33E72D3D18A4B76C192F0E8 /* Pods-unit_tests-UnitTests.debug.xcconfig */ = {isa = PBXFileReference; includeInIndex = 1; lastKnownFileType = text.xcconfig; name = "Pods-unit_tests-UnitTests.debug.xcconfig"; path = "Pods/Target Support Files/Pods-unit_tests-UnitTests/Pods-unit_tests-UnitTests.debug.xcconfig"; sourceTree = "<group>"; };
		C35A2346FBB8382A8C87B98F /* LaunchScreen.xib */ = {isa = PBXFileReference; includeInIndex = 1; lastKnownFileType = file.xib; path = LaunchScreen.xib; sourceTree = "<group>"; };
		DB8810EE172D47556C591B1A /* Pods-Networking.release.xcconfig */ = {isa = PBXFileReference; includeInIndex = 1; lastKnownFileType = text.xcconfig; name = "Pods-Networking.release.xcconfig"; path = "Pods/Target Support Files/Pods-Networking/Pods-Networking.release.xcconfig"; sourceTree = "<group>"; };
		DB90D063C682159F6992555E /* libPods-unit_tests-UnitTests.a */ = {isa = PBXFileReference; explicitFileType = archive.ar; includeInIndex = 0; path = "libPods-unit_tests-UnitTests.a"; sourceTree = BUILT_PRODUCTS_DIR; };
		DC1A5AAD1B466C51BB09E631 /* UnitTests.xctest */ = {isa = PBXFileReference; explicitFileType = wrapper.cfbundle; includeInIndex = 0; path = UnitTests.xctest; sourceTree = BUILT_PRODUCTS_DIR; };
		EA37576E7F697448A3AB2AD1 /* AppDelegate.swift */ = {isa = PBXFileReference; includeInIndex = 1; lastKnownFileType = sourcecode.swift; path = AppDelegate.swift; sourceTree = "<group>"; };
		EA58B7C75B593E322B6E2F0D /* libPods-Networking.a */ = {isa = PBXFileReference; explicitFileType = archive.ar; includeInIndex = 0; path = "libPods-Networking.a"; sourceTree = BUILT_PRODUCTS_DIR; };
		FFC9CBF5E5D61121F1385916 /* Pods-Networking.debug.xcconfig */ = {isa = PBXFileReference; includeInIndex = 1; lastKnownFileType = text.xcconfig; name = "Pods-Networking.debug.xcconfig"; path = "Pods/Target Support Files/Pods-Networking/Pods-Networking.debug.xcconfig"; sourceTree = "<group>"; };
/* End PBXFileReference section */

/* Begin PBXFrameworksBuildPhase section */
		4745CB77AF9536515B201D18 /* Frameworks */ = {
			isa = PBXFrameworksBuildPhase;
			buildActionMask = 2147483647;
			files = (
				C7B3F68D7ABEBDE2F95AA18F /* Foundation.framework in Frameworks */,
				1E2B8992313BFF60A71C0F79 /* libPods-Networking.a in Frameworks */,
			);
			runOnlyForDeploymentPostprocessing = 0;
		};
		5D221F008AE8D3EE51454A8A /* Frameworks */ = {
			isa = PBXFrameworksBuildPhase;
			buildActionMask = 2147483647;
			files = (
				1D7C1943D87FC99F4F74F9A6 /* libPods-unit_tests-UnitTests.a in Frameworks */,
			);
			runOnlyForDeploymentPostprocessing = 0;
		};
/* End PBXFrameworksBuildPhase section */

/* Begin PBXGroup section */
		010059399D82ADF11BE8CC5A /* Models */ = {
			isa = PBXGroup;
			children = (
			);
			path = Models;
			sourceTree = "<group>";
		};
		0CDF790F1043D50DAD6F81EF /* Protocols */ = {
			isa = PBXGroup;
			children = (
			);
			path = Protocols;
			sourceTree = "<group>";
		};
		0FD4B7FBFFF8A2AEB84C0434 /* Tests */ = {
			isa = PBXGroup;
			children = (
			);
			path = Tests;
			sourceTree = "<group>";
		};
		111B83B8746CB94D94149750 /* UnitTests */ = {
			isa = PBXGroup;
			children = (
				9F2870F97A92592217DE244F /* Resources */,
				654D2B0958DF1D7B4CBD8A47 /* Helpers */,
				0FD4B7FBFFF8A2AEB84C0434 /* Tests */,
			);
			path = UnitTests;
			sourceTree = "<group>";
		};
		208E5E69091C0C411156B2FD /* Products */ = {
			isa = PBXGroup;
			children = (
				ADA7273C24F1614C49EBF87F /* Networking.app */,
				DC1A5AAD1B466C51BB09E631 /* UnitTests.xctest */,
			);
			name = Products;
			sourceTree = "<group>";
		};
		36DA3C0C1161C9D456C81B8F = {
			isa = PBXGroup;
			children = (
				683F753FFB1E13DB3D406054 /* Networking */,
				111B83B8746CB94D94149750 /* UnitTests */,
				D30BD3F97DDF4E09675CEBF4 /* Frameworks */,
				208E5E69091C0C411156B2FD /* Products */,
				997A791CC29BF85034BBAE80 /* Pods */,
			);
			indentWidth = 4;
			sourceTree = "<group>";
			tabWidth = 4;
			usesTabs = 0;
		};
		4937DBD04B6FED6CB5EBCBE5 /* Nibs */ = {
			isa = PBXGroup;
			children = (
				C35A2346FBB8382A8C87B98F /* LaunchScreen.xib */,
			);
			path = Nibs;
			sourceTree = "<group>";
		};
		5762C45756ABAFC28AA110C3 /* iOS */ = {
			isa = PBXGroup;
			children = (
				44A947AC4EF4A776E2113A85 /* Foundation.framework */,
			);
			name = iOS;
			sourceTree = "<group>";
		};
		62BD292A4AC650F441157923 /* Views */ = {
			isa = PBXGroup;
			children = (
			);
			path = Views;
			sourceTree = "<group>";
		};
		647774DA817BEC8BCF4091AD /* ViewModels */ = {
			isa = PBXGroup;
			children = (
			);
			path = ViewModels;
			sourceTree = "<group>";
		};
		654D2B0958DF1D7B4CBD8A47 /* Helpers */ = {
			isa = PBXGroup;
			children = (
			);
			path = Helpers;
			sourceTree = "<group>";
		};
		683F753FFB1E13DB3D406054 /* Networking */ = {
			isa = PBXGroup;
			children = (
				CF9D5D46845276744063458D /* Extensions */,
				0CDF790F1043D50DAD6F81EF /* Protocols */,
				010059399D82ADF11BE8CC5A /* Models */,
				647774DA817BEC8BCF4091AD /* ViewModels */,
				F7D64C64276D67A37E2FFCCD /* Controllers */,
				62BD292A4AC650F441157923 /* Views */,
				D8BDEB980AC3599071BFFF0E /* Resources */,
			);
			path = Networking;
			sourceTree = "<group>";
		};
		79DE346134E133BA1BF829DB /* Storyboards */ = {
			isa = PBXGroup;
			children = (
				58B2501AFF95A49C1017A803 /* Main.storyboard */,
			);
			path = Storyboards;
			sourceTree = "<group>";
		};
		8AA105576585FFA0E9D4A5C2 /* Other-Sources */ = {
			isa = PBXGroup;
			children = (
				83FBE2602A99E9F047ACC873 /* Info.plist */,
			);
			path = "Other-Sources";
			sourceTree = "<group>";
		};
		997A791CC29BF85034BBAE80 /* Pods */ = {
			isa = PBXGroup;
			children = (
				DB8810EE172D47556C591B1A /* Pods-Networking.release.xcconfig */,
				FFC9CBF5E5D61121F1385916 /* Pods-Networking.debug.xcconfig */,
				C165281CC476ED2B303ECF8A /* Pods-unit_tests-UnitTests.release.xcconfig */,
				C33E72D3D18A4B76C192F0E8 /* Pods-unit_tests-UnitTests.debug.xcconfig */,
			);
			name = Pods;
			sourceTree = "<group>";
		};
		9F2870F97A92592217DE244F /* Resources */ = {
			isa = PBXGroup;
			children = (
				AA33684F8A795A6C09B06B8D /* UnitTests-Info.plist */,
			);
			path = Resources;
			sourceTree = "<group>";
		};
		CF9D5D46845276744063458D /* Extensions */ = {
			isa = PBXGroup;
			children = (
			);
			path = Extensions;
			sourceTree = "<group>";
		};
		D30BD3F97DDF4E09675CEBF4 /* Frameworks */ = {
			isa = PBXGroup;
			children = (
				5762C45756ABAFC28AA110C3 /* iOS */,
				EA58B7C75B593E322B6E2F0D /* libPods-Networking.a */,
				DB90D063C682159F6992555E /* libPods-unit_tests-UnitTests.a */,
			);
			name = Frameworks;
			sourceTree = "<group>";
		};
		D8BDEB980AC3599071BFFF0E /* Resources */ = {
			isa = PBXGroup;
			children = (
				BE48F67861083BA60518B386 /* Images.xcassets */,
				79DE346134E133BA1BF829DB /* Storyboards */,
				4937DBD04B6FED6CB5EBCBE5 /* Nibs */,
				8AA105576585FFA0E9D4A5C2 /* Other-Sources */,
				9FD843F7E505E223163BE4D5 /* Settings.bundle */,
			);
			path = Resources;
			sourceTree = "<group>";
		};
		F7D64C64276D67A37E2FFCCD /* Controllers */ = {
			isa = PBXGroup;
			children = (
				EA37576E7F697448A3AB2AD1 /* AppDelegate.swift */,
			);
			path = Controllers;
			sourceTree = "<group>";
		};
/* End PBXGroup section */

/* Begin PBXNativeTarget section */
		5A69E2992FC3ECECBED38FF2 /* UnitTests */ = {
			isa = PBXNativeTarget;
			buildConfigurationList = 94A3244E3274CCE6405BA50B /* Build configuration list for PBXNativeTarget "UnitTests" */;
			buildPhases = (
				39FCE525F8292033870C25A2 /* [CP] Check Pods Manifest.lock */,
				DD6399EB3C59545602EF3866 /* Sources */,
				5D221F008AE8D3EE51454A8A /* Frameworks */,
				4F55AF5151DAB8E21632B164 /* Resources */,
				CCD351CFC24558FAC584A00C /* [CP] Embed Pods Frameworks */,
				9537EAFA0CE33AFC5BE4A390 /* [CP] Copy Pods Resources */,
			);
			buildRules = (
			);
			dependencies = (
				D24F5C9B77B9E6B7254060F0 /* PBXTargetDependency */,
			);
			name = UnitTests;
			productName = UnitTests;
			productReference = DC1A5AAD1B466C51BB09E631 /* UnitTests.xctest */;
			productType = "com.apple.product-type.bundle.unit-test";
		};
		A75DDF6763A7630ED7942E21 /* Networking */ = {
			isa = PBXNativeTarget;
			buildConfigurationList = CE3DB33350A36D251B218CAA /* Build configuration list for PBXNativeTarget "Networking" */;
			buildPhases = (
				7752DD8952EDD9F1C70C0E30 /* [CP] Check Pods Manifest.lock */,
				E65573348DAC28F8C69DABD9 /* Sources */,
				4745CB77AF9536515B201D18 /* Frameworks */,
				6721211A3DB352FBC82E98B3 /* Resources */,
				6DEE0566A6B883979AA2EE1C /* [CP] Embed Pods Frameworks */,
				A951B92C619BD2EC212E169F /* [CP] Copy Pods Resources */,
				91B45A45E2610812A014F989 /* Warn for TODO and FIXME comments */,
				477F88943324AD5612CFFDD8 /* Set version number */,
			);
			buildRules = (
			);
			dependencies = (
			);
			name = Networking;
			productName = Networking;
			productReference = ADA7273C24F1614C49EBF87F /* Networking.app */;
			productType = "com.apple.product-type.application";
		};
/* End PBXNativeTarget section */

/* Begin PBXProject section */
		8C914BD8ACBC05A20A70355A /* Project object */ = {
			isa = PBXProject;
			attributes = {
				CLASSPREFIX = "";
				LastSwiftUpdateCheck = 0730;
				LastUpgradeCheck = 0700;
				ORGANIZATIONNAME = Coda;
				TargetAttributes = {
					A75DDF6763A7630ED7942E21 = {
						DevelopmentTeam = V29J7LL668;
						LastSwiftMigration = 0820;
					};
				};
			};
			buildConfigurationList = 786432F9F6C3CEF944FDB8BA /* Build configuration list for PBXProject "Networking" */;
			compatibilityVersion = "Xcode 3.2";
			developmentRegion = English;
			hasScannedForEncodings = 0;
			knownRegions = (
				en,
			);
			mainGroup = 36DA3C0C1161C9D456C81B8F;
			productRefGroup = 208E5E69091C0C411156B2FD /* Products */;
			projectDirPath = "";
			projectRoot = "";
			targets = (
				A75DDF6763A7630ED7942E21 /* Networking */,
				5A69E2992FC3ECECBED38FF2 /* UnitTests */,
			);
		};
/* End PBXProject section */

/* Begin PBXResourcesBuildPhase section */
		4F55AF5151DAB8E21632B164 /* Resources */ = {
			isa = PBXResourcesBuildPhase;
			buildActionMask = 2147483647;
			files = (
			);
			runOnlyForDeploymentPostprocessing = 0;
		};
		6721211A3DB352FBC82E98B3 /* Resources */ = {
			isa = PBXResourcesBuildPhase;
			buildActionMask = 2147483647;
			files = (
				6322616E6D1A09A532271921 /* Images.xcassets in Resources */,
				3055E1329F0391B5474FE16A /* Main.storyboard in Resources */,
				5F0CBB4BE05A4A8AB3A189CA /* LaunchScreen.xib in Resources */,
				6E868D826C1FF99F7E6D8318 /* Settings.bundle in Resources */,
			);
			runOnlyForDeploymentPostprocessing = 0;
		};
/* End PBXResourcesBuildPhase section */

/* Begin PBXShellScriptBuildPhase section */
		39FCE525F8292033870C25A2 /* [CP] Check Pods Manifest.lock */ = {
			isa = PBXShellScriptBuildPhase;
			buildActionMask = 2147483647;
			files = (
			);
			inputPaths = (
			);
			name = "[CP] Check Pods Manifest.lock";
			outputPaths = (
			);
			runOnlyForDeploymentPostprocessing = 0;
			shellPath = /bin/sh;
			shellScript = "diff \"${PODS_ROOT}/../Podfile.lock\" \"${PODS_ROOT}/Manifest.lock\" > /dev/null\nif [ $? != 0 ] ; then\n    # print error to STDERR\n    echo \"error: The sandbox is not in sync with the Podfile.lock. Run 'pod install' or update your CocoaPods installation.\" >&2\n    exit 1\nfi\n";
			showEnvVarsInLog = 0;
		};
		477F88943324AD5612CFFDD8 /* Set version number */ = {
			isa = PBXShellScriptBuildPhase;
			buildActionMask = 2147483647;
			files = (
			);
			inputPaths = (
			);
			name = "Set version number";
			outputPaths = (
			);
			runOnlyForDeploymentPostprocessing = 0;
			shellPath = /bin/sh;
			shellScript = "git=$(sh /etc/profile; which git)\ngit_release_version=$(\"$git\" describe --tags --always --abbrev=0)\nnumber_of_commits=$(\"$git\" rev-list master --count)\ntarget_plist=\"$TARGET_BUILD_DIR/$INFOPLIST_PATH\"\ndsym_plist=\"$DWARF_DSYM_FOLDER_PATH/$DWARF_DSYM_FILE_NAME/Contents/Info.plist\"\n\nfor plist in \"$target_plist\" \"$dsym_plist\"; do\n  if [ -f \"$plist\" ]; then\n    /usr/libexec/PlistBuddy -c \"Set :CFBundleVersion $number_of_commits\" \"$plist\"\n    /usr/libexec/PlistBuddy -c \"Set :CFBundleShortVersionString ${git_release_version#*v}\" \"$plist\"\n  fi\ndone\n";
		};
		6DEE0566A6B883979AA2EE1C /* [CP] Embed Pods Frameworks */ = {
			isa = PBXShellScriptBuildPhase;
			buildActionMask = 2147483647;
			files = (
			);
			inputPaths = (
			);
			name = "[CP] Embed Pods Frameworks";
			outputPaths = (
			);
			runOnlyForDeploymentPostprocessing = 0;
			shellPath = /bin/sh;
			shellScript = "\"${SRCROOT}/Pods/Target Support Files/Pods-Networking/Pods-Networking-frameworks.sh\"\n";
			showEnvVarsInLog = 0;
		};
		7752DD8952EDD9F1C70C0E30 /* [CP] Check Pods Manifest.lock */ = {
			isa = PBXShellScriptBuildPhase;
			buildActionMask = 2147483647;
			files = (
			);
			inputPaths = (
			);
			name = "[CP] Check Pods Manifest.lock";
			outputPaths = (
			);
			runOnlyForDeploymentPostprocessing = 0;
			shellPath = /bin/sh;
			shellScript = "diff \"${PODS_ROOT}/../Podfile.lock\" \"${PODS_ROOT}/Manifest.lock\" > /dev/null\nif [ $? != 0 ] ; then\n    # print error to STDERR\n    echo \"error: The sandbox is not in sync with the Podfile.lock. Run 'pod install' or update your CocoaPods installation.\" >&2\n    exit 1\nfi\n";
			showEnvVarsInLog = 0;
		};
		91B45A45E2610812A014F989 /* Warn for TODO and FIXME comments */ = {
			isa = PBXShellScriptBuildPhase;
			buildActionMask = 2147483647;
			files = (
			);
			inputPaths = (
			);
			name = "Warn for TODO and FIXME comments";
			outputPaths = (
			);
			runOnlyForDeploymentPostprocessing = 0;
			shellPath = /bin/sh;
			shellScript = "KEYWORDS=\"TODO:|FIXME:|\\?\\?\\?:|\\!\\!\\!:\"\nFILE_EXTENSIONS=\"swift|h|m|mm|c|cpp\"\nfind -E \"${SRCROOT}\" -ipath \"${SRCROOT}/Carthage\" -prune -o -ipath \"${SRCROOT}/pods\" -prune -o \\( -regex \".*\\.($FILE_EXTENSIONS)$\" \\) -print0 | xargs -0 egrep --with-filename --line-number --only-matching \"($KEYWORDS).*\\$\" | perl -p -e \"s/($KEYWORDS)/ warning: \\$1/\"\n";
		};
		9537EAFA0CE33AFC5BE4A390 /* [CP] Copy Pods Resources */ = {
			isa = PBXShellScriptBuildPhase;
			buildActionMask = 2147483647;
			files = (
			);
			inputPaths = (
			);
			name = "[CP] Copy Pods Resources";
			outputPaths = (
			);
			runOnlyForDeploymentPostprocessing = 0;
			shellPath = /bin/sh;
			shellScript = "\"${SRCROOT}/Pods/Target Support Files/Pods-unit_tests-UnitTests/Pods-unit_tests-UnitTests-resources.sh\"\n";
			showEnvVarsInLog = 0;
		};
		A951B92C619BD2EC212E169F /* [CP] Copy Pods Resources */ = {
			isa = PBXShellScriptBuildPhase;
			buildActionMask = 2147483647;
			files = (
			);
			inputPaths = (
			);
			name = "[CP] Copy Pods Resources";
			outputPaths = (
			);
			runOnlyForDeploymentPostprocessing = 0;
			shellPath = /bin/sh;
			shellScript = "\"${SRCROOT}/Pods/Target Support Files/Pods-Networking/Pods-Networking-resources.sh\"\n";
			showEnvVarsInLog = 0;
		};
		CCD351CFC24558FAC584A00C /* [CP] Embed Pods Frameworks */ = {
			isa = PBXShellScriptBuildPhase;
			buildActionMask = 2147483647;
			files = (
			);
			inputPaths = (
			);
			name = "[CP] Embed Pods Frameworks";
			outputPaths = (
			);
			runOnlyForDeploymentPostprocessing = 0;
			shellPath = /bin/sh;
			shellScript = "\"${SRCROOT}/Pods/Target Support Files/Pods-unit_tests-UnitTests/Pods-unit_tests-UnitTests-frameworks.sh\"\n";
			showEnvVarsInLog = 0;
		};
/* End PBXShellScriptBuildPhase section */

/* Begin PBXSourcesBuildPhase section */
		DD6399EB3C59545602EF3866 /* Sources */ = {
			isa = PBXSourcesBuildPhase;
			buildActionMask = 2147483647;
			files = (
			);
			runOnlyForDeploymentPostprocessing = 0;
		};
		E65573348DAC28F8C69DABD9 /* Sources */ = {
			isa = PBXSourcesBuildPhase;
			buildActionMask = 2147483647;
			files = (
				BF529A4C0AE35CD6B8CD3610 /* AppDelegate.swift in Sources */,
			);
			runOnlyForDeploymentPostprocessing = 0;
		};
/* End PBXSourcesBuildPhase section */

/* Begin PBXTargetDependency section */
		D24F5C9B77B9E6B7254060F0 /* PBXTargetDependency */ = {
			isa = PBXTargetDependency;
			name = Networking;
			target = A75DDF6763A7630ED7942E21 /* Networking */;
			targetProxy = BEC59DAD43B076C3951D12FC /* PBXContainerItemProxy */;
		};
/* End PBXTargetDependency section */

/* Begin XCBuildConfiguration section */
		174722810FC7313433AD80B3 /* Release */ = {
			isa = XCBuildConfiguration;
			buildSettings = {
				ALWAYS_SEARCH_USER_PATHS = NO;
				ASSETCATALOG_COMPILER_APPICON_NAME = AppIcon;
				CLANG_ANALYZER_NONNULL = YES;
				CLANG_CXX_LANGUAGE_STANDARD = "gnu++0x";
				CLANG_CXX_LIBRARY = "libc++";
				CLANG_ENABLE_MODULES = YES;
				CLANG_ENABLE_OBJC_ARC = YES;
				CLANG_WARN_BOOL_CONVERSION = YES;
				CLANG_WARN_CONSTANT_CONVERSION = YES;
				CLANG_WARN_DEPRECATED_OBJC_IMPLEMENTATIONS = YES;
				CLANG_WARN_DIRECT_OBJC_ISA_USAGE = YES;
				CLANG_WARN_EMPTY_BODY = YES;
				CLANG_WARN_ENUM_CONVERSION = YES;
				CLANG_WARN_IMPLICIT_SIGN_CONVERSION = YES;
				CLANG_WARN_INT_CONVERSION = YES;
				CLANG_WARN_OBJC_IMPLICIT_RETAIN_SELF = YES;
				CLANG_WARN_OBJC_ROOT_CLASS = YES;
				CLANG_WARN_SUSPICIOUS_IMPLICIT_CONVERSION = YES;
				CLANG_WARN_UNREACHABLE_CODE = YES;
				CLANG_WARN__DUPLICATE_METHOD_MATCH = YES;
				"CODE_SIGN_IDENTITY[sdk=iphoneos*]" = "iPhone Developer";
				COPY_PHASE_STRIP = YES;
				ENABLE_NS_ASSERTIONS = NO;
				GCC_C_LANGUAGE_STANDARD = gnu99;
				GCC_WARN_64_TO_32_BIT_CONVERSION = YES;
				GCC_WARN_ABOUT_DEPRECATED_FUNCTIONS = YES;
				GCC_WARN_ABOUT_MISSING_FIELD_INITIALIZERS = YES;
				GCC_WARN_ABOUT_MISSING_NEWLINE = YES;
				GCC_WARN_ABOUT_RETURN_TYPE = YES;
				GCC_WARN_CHECK_SWITCH_STATEMENTS = YES;
				GCC_WARN_INITIALIZER_NOT_FULLY_BRACKETED = YES;
				GCC_WARN_MISSING_PARENTHESES = YES;
				GCC_WARN_SHADOW = YES;
				GCC_WARN_SIGN_COMPARE = YES;
				GCC_WARN_TYPECHECK_CALLS_TO_PRINTF = YES;
				GCC_WARN_UNDECLARED_SELECTOR = YES;
				GCC_WARN_UNINITIALIZED_AUTOS = YES;
				GCC_WARN_UNUSED_FUNCTION = YES;
				GCC_WARN_UNUSED_LABEL = YES;
				GCC_WARN_UNUSED_VALUE = YES;
				GCC_WARN_UNUSED_VARIABLE = YES;
				IPHONEOS_DEPLOYMENT_TARGET = 8.0;
				RUN_CLANG_STATIC_ANALYZER = YES;
				SDKROOT = iphoneos;
				VALIDATE_PRODUCT = YES;
			};
			name = Release;
		};
		24EBA0FB915E337D7AF6BCE3 /* Debug */ = {
			isa = XCBuildConfiguration;
			baseConfigurationReference = FFC9CBF5E5D61121F1385916 /* Pods-Networking.debug.xcconfig */;
			buildSettings = {
				ASSETCATALOG_COMPILER_APPICON_NAME = AppIcon;
				"CODE_SIGN_IDENTITY[sdk=iphoneos*]" = "iPhone Developer";
				DEBUG_INFORMATION_FORMAT = dwarf;
				DEVELOPMENT_TEAM = V29J7LL668;
				ENABLE_STRICT_OBJC_MSGSEND = YES;
				GCC_NO_COMMON_BLOCKS = YES;
				INFOPLIST_FILE = "Networking/Resources/Other-Sources/Info.plist";
				LD_RUNPATH_SEARCH_PATHS = "$(inherited) @executable_path/Frameworks";
				MTL_ENABLE_DEBUG_INFO = YES;
				PRODUCT_BUNDLE_IDENTIFIER = "-";
				PRODUCT_NAME = "$(TARGET_NAME)";
				SDKROOT = iphoneos;
				SWIFT_VERSION = 3.0;
				TARGETED_DEVICE_FAMILY = "1,2";
			};
			name = Debug;
		};
		3F0945081ACCC918B651BEEA /* Release */ = {
			isa = XCBuildConfiguration;
			baseConfigurationReference = DB8810EE172D47556C591B1A /* Pods-Networking.release.xcconfig */;
			buildSettings = {
				ASSETCATALOG_COMPILER_APPICON_NAME = AppIcon;
				"CODE_SIGN_IDENTITY[sdk=iphoneos*]" = "iPhone Developer";
				DEBUG_INFORMATION_FORMAT = "dwarf-with-dsym";
				DEVELOPMENT_TEAM = V29J7LL668;
				ENABLE_STRICT_OBJC_MSGSEND = YES;
				GCC_NO_COMMON_BLOCKS = YES;
				GCC_TREAT_WARNINGS_AS_ERRORS = YES;
				INFOPLIST_FILE = "Networking/Resources/Other-Sources/Info.plist";
				LD_RUNPATH_SEARCH_PATHS = "$(inherited) @executable_path/Frameworks";
				MTL_ENABLE_DEBUG_INFO = NO;
				PRODUCT_BUNDLE_IDENTIFIER = "-";
				PRODUCT_NAME = "$(TARGET_NAME)";
				SDKROOT = iphoneos;
				SWIFT_VERSION = 3.0;
				TARGETED_DEVICE_FAMILY = "1,2";
			};
			name = Release;
		};
		7A0002F89B4CFB3E775ABED6 /* Debug */ = {
			isa = XCBuildConfiguration;
			buildSettings = {
				ALWAYS_SEARCH_USER_PATHS = NO;
				ASSETCATALOG_COMPILER_APPICON_NAME = AppIcon;
				CLANG_ANALYZER_NONNULL = YES;
				CLANG_CXX_LANGUAGE_STANDARD = "gnu++0x";
				CLANG_CXX_LIBRARY = "libc++";
				CLANG_ENABLE_MODULES = YES;
				CLANG_ENABLE_OBJC_ARC = YES;
				CLANG_WARN_BOOL_CONVERSION = YES;
				CLANG_WARN_CONSTANT_CONVERSION = YES;
				CLANG_WARN_DEPRECATED_OBJC_IMPLEMENTATIONS = YES;
				CLANG_WARN_DIRECT_OBJC_ISA_USAGE = YES;
				CLANG_WARN_EMPTY_BODY = YES;
				CLANG_WARN_ENUM_CONVERSION = YES;
				CLANG_WARN_IMPLICIT_SIGN_CONVERSION = YES;
				CLANG_WARN_INT_CONVERSION = YES;
				CLANG_WARN_OBJC_IMPLICIT_RETAIN_SELF = YES;
				CLANG_WARN_OBJC_ROOT_CLASS = YES;
				CLANG_WARN_SUSPICIOUS_IMPLICIT_CONVERSION = YES;
				CLANG_WARN_UNREACHABLE_CODE = YES;
				CLANG_WARN__DUPLICATE_METHOD_MATCH = YES;
				"CODE_SIGN_IDENTITY[sdk=iphoneos*]" = "iPhone Developer";
				COPY_PHASE_STRIP = NO;
				ENABLE_TESTABILITY = YES;
				GCC_C_LANGUAGE_STANDARD = gnu99;
				GCC_DYNAMIC_NO_PIC = NO;
				GCC_OPTIMIZATION_LEVEL = 0;
				GCC_PREPROCESSOR_DEFINITIONS = (
					"DEBUG=1",
					"$(inherited)",
				);
				GCC_SYMBOLS_PRIVATE_EXTERN = NO;
				GCC_WARN_64_TO_32_BIT_CONVERSION = YES;
				GCC_WARN_ABOUT_DEPRECATED_FUNCTIONS = YES;
				GCC_WARN_ABOUT_MISSING_FIELD_INITIALIZERS = YES;
				GCC_WARN_ABOUT_MISSING_NEWLINE = YES;
				GCC_WARN_ABOUT_RETURN_TYPE = YES;
				GCC_WARN_CHECK_SWITCH_STATEMENTS = YES;
				GCC_WARN_INITIALIZER_NOT_FULLY_BRACKETED = YES;
				GCC_WARN_MISSING_PARENTHESES = YES;
				GCC_WARN_SHADOW = YES;
				GCC_WARN_SIGN_COMPARE = YES;
				GCC_WARN_TYPECHECK_CALLS_TO_PRINTF = YES;
				GCC_WARN_UNDECLARED_SELECTOR = YES;
				GCC_WARN_UNINITIALIZED_AUTOS = YES;
				GCC_WARN_UNUSED_FUNCTION = YES;
				GCC_WARN_UNUSED_LABEL = YES;
				GCC_WARN_UNUSED_VALUE = YES;
				GCC_WARN_UNUSED_VARIABLE = YES;
				IPHONEOS_DEPLOYMENT_TARGET = 8.0;
				ONLY_ACTIVE_ARCH = YES;
				RUN_CLANG_STATIC_ANALYZER = YES;
				SDKROOT = iphoneos;
			};
			name = Debug;
		};
		91F135850F96E17DD6942E91 /* Debug */ = {
			isa = XCBuildConfiguration;
			baseConfigurationReference = C33E72D3D18A4B76C192F0E8 /* Pods-unit_tests-UnitTests.debug.xcconfig */;
			buildSettings = {
				BUNDLE_LOADER = "$(BUILT_PRODUCTS_DIR)/Networking.app/Networking";
				ENABLE_STRICT_OBJC_MSGSEND = YES;
				FRAMEWORK_SEARCH_PATHS = (
					"$(SDKROOT)/Developer/Library/Frameworks",
					"$(inherited)",
					"$(DEVELOPER_FRAMEWORKS_DIR)",
				);
				GCC_NO_COMMON_BLOCKS = YES;
				INFOPLIST_FILE = "UnitTests/Resources/UnitTests-Info.plist";
				PRODUCT_NAME = "$(TARGET_NAME)";
				SDKROOT = iphoneos;
				SKIP_INSTALL = YES;
				TEST_HOST = "$(BUNDLE_LOADER)";
				WRAPPER_EXTENSION = xctest;
			};
			name = Debug;
		};
		9857513E7A4D650D37791397 /* Release */ = {
			isa = XCBuildConfiguration;
			baseConfigurationReference = C165281CC476ED2B303ECF8A /* Pods-unit_tests-UnitTests.release.xcconfig */;
			buildSettings = {
				BUNDLE_LOADER = "$(BUILT_PRODUCTS_DIR)/Networking.app/Networking";
				ENABLE_STRICT_OBJC_MSGSEND = YES;
				FRAMEWORK_SEARCH_PATHS = (
					"$(SDKROOT)/Developer/Library/Frameworks",
					"$(inherited)",
					"$(DEVELOPER_FRAMEWORKS_DIR)",
				);
				GCC_NO_COMMON_BLOCKS = YES;
				INFOPLIST_FILE = "UnitTests/Resources/UnitTests-Info.plist";
				PRODUCT_NAME = "$(TARGET_NAME)";
				SDKROOT = iphoneos;
				SKIP_INSTALL = YES;
				TEST_HOST = "$(BUNDLE_LOADER)";
				WRAPPER_EXTENSION = xctest;
			};
			name = Release;
		};
/* End XCBuildConfiguration section */

/* Begin XCConfigurationList section */
		786432F9F6C3CEF944FDB8BA /* Build configuration list for PBXProject "Networking" */ = {
			isa = XCConfigurationList;
			buildConfigurations = (
				7A0002F89B4CFB3E775ABED6 /* Debug */,
				174722810FC7313433AD80B3 /* Release */,
			);
			defaultConfigurationIsVisible = 0;
			defaultConfigurationName = Release;
		};
		94A3244E3274CCE6405BA50B /* Build configuration list for PBXNativeTarget "UnitTests" */ = {
			isa = XCConfigurationList;
			buildConfigurations = (
				9857513E7A4D650D37791397 /* Release */,
				91F135850F96E17DD6942E91 /* Debug */,
			);
			defaultConfigurationIsVisible = 0;
			defaultConfigurationName = Release;
		};
		CE3DB33350A36D251B218CAA /* Build configuration list for PBXNativeTarget "Networking" */ = {
			isa = XCConfigurationList;
			buildConfigurations = (
				3F0945081ACCC918B651BEEA /* Release */,
				24EBA0FB915E337D7AF6BCE3 /* Debug */,
			);
			defaultConfigurationIsVisible = 0;
			defaultConfigurationName = Release;
		};
/* End XCConfigurationList section */
	};
	rootObject = 8C914BD8ACBC05A20A70355A /* Project object */;
}
